
Microsoft Visual Studio Solution File, Format Version 12.00
# Visual Studio 15
VisualStudioVersion = 15.0.28307.421
MinimumVisualStudioVersion = 10.0.40219.1
Project("{FAE04EC0-301F-11D3-BF4B-00C04F79EFBC}") = "Kalend", "Kalend\Kalend.csproj", "{4B5581EF-4F95-4109-8144-FA585DAE4743}"
EndProject
Global
	GlobalSection(SolutionConfigurationPlatforms) = preSolution
		Debug|Any CPU = Debug|Any CPU
		Release|Any CPU = Release|Any CPU
	EndGlobalSection
	GlobalSection(ProjectConfigurationPlatforms) = postSolution
		{4B5581EF-4F95-4109-8144-FA585DAE4743}.Debug|Any CPU.ActiveCfg = Debug|Any CPU
		{4B5581EF-4F95-4109-8144-FA585DAE4743}.Debug|Any CPU.Build.0 = Debug|Any CPU
		{4B5581EF-4F95-4109-8144-FA585DAE4743}.Release|Any CPU.ActiveCfg = Release|Any CPU
		{4B5581EF-4F95-4109-8144-FA585DAE4743}.Release|Any CPU.Build.0 = Release|Any CPU
	EndGlobalSection
	GlobalSection(SolutionProperties) = preSolution
		HideSolutionNode = FALSE
	EndGlobalSection
	GlobalSection(ExtensibilityGlobals) = postSolution
		SolutionGuid = {8161AEA7-23A3-4BFF-8D2D-CEF48741F2DB}
	EndGlobalSection
EndGlobal
